
Microsoft Visual Studio Solution File, Format Version 12.00
# Visual Studio Version 16
VisualStudioVersion = 16.0.30804.86
MinimumVisualStudioVersion = 10.0.40219.1
Project("{FAE04EC0-301F-11D3-BF4B-00C04F79EFBC}") = "GameDemo", "GameDemo\GameDemo.csproj", "{99F3E0B1-AD4C-4DBF-9ED8-54BCFAAED6AF}"
EndProject
Global
	GlobalSection(SolutionConfigurationPlatforms) = preSolution
		Debug|Any CPU = Debug|Any CPU
		Release|Any CPU = Release|Any CPU
	EndGlobalSection
	GlobalSection(ProjectConfigurationPlatforms) = postSolution
		{99F3E0B1-AD4C-4DBF-9ED8-54BCFAAED6AF}.Debug|Any CPU.ActiveCfg = Debug|Any CPU
		{99F3E0B1-AD4C-4DBF-9ED8-54BCFAAED6AF}.Debug|Any CPU.Build.0 = Debug|Any CPU
		{99F3E0B1-AD4C-4DBF-9ED8-54BCFAAED6AF}.Release|Any CPU.ActiveCfg = Release|Any CPU
		{99F3E0B1-AD4C-4DBF-9ED8-54BCFAAED6AF}.Release|Any CPU.Build.0 = Release|Any CPU
	EndGlobalSection
	GlobalSection(SolutionProperties) = preSolution
		HideSolutionNode = FALSE
	EndGlobalSection
	GlobalSection(ExtensibilityGlobals) = postSolution
		SolutionGuid = {3BBD5735-C1AE-4A1B-A32D-490330865212}
	EndGlobalSection
EndGlobal
